
Microsoft Visual Studio Solution File, Format Version 12.00
# Visual Studio 15
VisualStudioVersion = 15.0.28307.168
MinimumVisualStudioVersion = 10.0.40219.1
Project("{9A19103F-16F7-4668-BE54-9A1E7A4F7556}") = "Service.Hosting.Extensions", "Service.Hosting.Extensions\Service.Hosting.Extensions.csproj", "{1548B551-735A-4A1A-9903-02E1CFC2F7F2}"
EndProject
Project("{9A19103F-16F7-4668-BE54-9A1E7A4F7556}") = "Service.Hosting.Extensions.Tests", "Service.Hosting.Extensions.Tests\Service.Hosting.Extensions.Tests.csproj", "{01C2FD3E-2639-463A-977B-97176E29A871}"
EndProject
Global
	GlobalSection(SolutionConfigurationPlatforms) = preSolution
		Debug|Any CPU = Debug|Any CPU
		Release|Any CPU = Release|Any CPU
	EndGlobalSection
	GlobalSection(ProjectConfigurationPlatforms) = postSolution
		{1548B551-735A-4A1A-9903-02E1CFC2F7F2}.Debug|Any CPU.ActiveCfg = Debug|Any CPU
		{1548B551-735A-4A1A-9903-02E1CFC2F7F2}.Debug|Any CPU.Build.0 = Debug|Any CPU
		{1548B551-735A-4A1A-9903-02E1CFC2F7F2}.Release|Any CPU.ActiveCfg = Release|Any CPU
		{1548B551-735A-4A1A-9903-02E1CFC2F7F2}.Release|Any CPU.Build.0 = Release|Any CPU
		{01C2FD3E-2639-463A-977B-97176E29A871}.Debug|Any CPU.ActiveCfg = Debug|Any CPU
		{01C2FD3E-2639-463A-977B-97176E29A871}.Debug|Any CPU.Build.0 = Debug|Any CPU
		{01C2FD3E-2639-463A-977B-97176E29A871}.Release|Any CPU.ActiveCfg = Release|Any CPU
		{01C2FD3E-2639-463A-977B-97176E29A871}.Release|Any CPU.Build.0 = Release|Any CPU
	EndGlobalSection
	GlobalSection(SolutionProperties) = preSolution
		HideSolutionNode = FALSE
	EndGlobalSection
	GlobalSection(ExtensibilityGlobals) = postSolution
		SolutionGuid = {FC38BE8E-3315-424A-AC40-3AAF2B050468}
	EndGlobalSection
EndGlobal
